// !$*UTF8*$!
{
	archiveVersion = 1;
	classes = {
	};
	objectVersion = 46;
	objects = {

/* Begin PBXBuildFile section */
		F80EC14D1EC07A12009BE6A9 /* AppDelegate.swift in Sources */ = {isa = PBXBuildFile; fileRef = F80EC14C1EC07A12009BE6A9 /* AppDelegate.swift */; };
		F80EC14F1EC07A12009BE6A9 /* ViewController.swift in Sources */ = {isa = PBXBuildFile; fileRef = F80EC14E1EC07A12009BE6A9 /* ViewController.swift */; };
		F80EC1521EC07A12009BE6A9 /* Main.storyboard in Resources */ = {isa = PBXBuildFile; fileRef = F80EC1501EC07A12009BE6A9 /* Main.storyboard */; };
		F80EC1541EC07A12009BE6A9 /* Assets.xcassets in Resources */ = {isa = PBXBuildFile; fileRef = F80EC1531EC07A12009BE6A9 /* Assets.xcassets */; };
		F80EC1571EC07A12009BE6A9 /* LaunchScreen.storyboard in Resources */ = {isa = PBXBuildFile; fileRef = F80EC1551EC07A12009BE6A9 /* LaunchScreen.storyboard */; };
		F80EC15F1EC07B85009BE6A9 /* GridFlowLayout.swift in Sources */ = {isa = PBXBuildFile; fileRef = F80EC15E1EC07B85009BE6A9 /* GridFlowLayout.swift */; };
		F80EC1611EC07BD8009BE6A9 /* ListFlowLayout.swift in Sources */ = {isa = PBXBuildFile; fileRef = F80EC1601EC07BD8009BE6A9 /* ListFlowLayout.swift */; };
		F893AE741EC334860006AC3C /* demoCollectionViewCell.swift in Sources */ = {isa = PBXBuildFile; fileRef = F893AE731EC334860006AC3C /* demoCollectionViewCell.swift */; };
/* End PBXBuildFile section */

/* Begin PBXFileReference section */
		F80EC1491EC07A12009BE6A9 /* ToggleGridAndList.app */ = {isa = PBXFileReference; explicitFileType = wrapper.application; includeInIndex = 0; path = ToggleGridAndList.app; sourceTree = BUILT_PRODUCTS_DIR; };
		F80EC14C1EC07A12009BE6A9 /* AppDelegate.swift */ = {isa = PBXFileReference; lastKnownFileType = sourcecode.swift; path = AppDelegate.swift; sourceTree = "<group>"; };
		F80EC14E1EC07A12009BE6A9 /* ViewController.swift */ = {isa = PBXFileReference; lastKnownFileType = sourcecode.swift; path = ViewController.swift; sourceTree = "<group>"; };
		F80EC1511EC07A12009BE6A9 /* Base */ = {isa = PBXFileReference; lastKnownFileType = file.storyboard; name = Base; path = Base.lproj/Main.storyboard; sourceTree = "<group>"; };
		F80EC1531EC07A12009BE6A9 /* Assets.xcassets */ = {isa = PBXFileReference; lastKnownFileType = folder.assetcatalog; path = Assets.xcassets; sourceTree = "<group>"; };
		F80EC1561EC07A12009BE6A9 /* Base */ = {isa = PBXFileReference; lastKnownFileType = file.storyboard; name = Base; path = Base.lproj/LaunchScreen.storyboard; sourceTree = "<group>"; };
		F80EC1581EC07A12009BE6A9 /* Info.plist */ = {isa = PBXFileReference; lastKnownFileType = text.plist.xml; path = Info.plist; sourceTree = "<group>"; };
		F80EC15E1EC07B85009BE6A9 /* GridFlowLayout.swift */ = {isa = PBXFileReference; fileEncoding = 4; lastKnownFileType = sourcecode.swift; path = GridFlowLayout.swift; sourceTree = "<group>"; };
		F80EC1601EC07BD8009BE6A9 /* ListFlowLayout.swift */ = {isa = PBXFileReference; fileEncoding = 4; lastKnownFileType = sourcecode.swift; path = ListFlowLayout.swift; sourceTree = "<group>"; };
		F893AE731EC334860006AC3C /* demoCollectionViewCell.swift */ = {isa = PBXFileReference; fileEncoding = 4; lastKnownFileType = sourcecode.swift; path = demoCollectionViewCell.swift; sourceTree = "<group>"; };
/* End PBXFileReference section */

/* Begin PBXFrameworksBuildPhase section */
		F80EC1461EC07A12009BE6A9 /* Frameworks */ = {
			isa = PBXFrameworksBuildPhase;
			buildActionMask = 2147483647;
			files = (
			);
			runOnlyForDeploymentPostprocessing = 0;
		};
/* End PBXFrameworksBuildPhase section */

/* Begin PBXGroup section */
		F80EC1401EC07A12009BE6A9 = {
			isa = PBXGroup;
			children = (
				F80EC14B1EC07A12009BE6A9 /* ToggleGridAndList */,
				F80EC14A1EC07A12009BE6A9 /* Products */,
			);
			sourceTree = "<group>";
		};
		F80EC14A1EC07A12009BE6A9 /* Products */ = {
			isa = PBXGroup;
			children = (
				F80EC1491EC07A12009BE6A9 /* ToggleGridAndList.app */,
			);
			name = Products;
			sourceTree = "<group>";
		};
		F80EC14B1EC07A12009BE6A9 /* ToggleGridAndList */ = {
			isa = PBXGroup;
			children = (
				F80EC14C1EC07A12009BE6A9 /* AppDelegate.swift */,
				F80EC14E1EC07A12009BE6A9 /* ViewController.swift */,
				F80EC1501EC07A12009BE6A9 /* Main.storyboard */,
				F80EC1531EC07A12009BE6A9 /* Assets.xcassets */,
				F80EC1551EC07A12009BE6A9 /* LaunchScreen.storyboard */,
				F80EC1581EC07A12009BE6A9 /* Info.plist */,
				F80EC15E1EC07B85009BE6A9 /* GridFlowLayout.swift */,
				F80EC1601EC07BD8009BE6A9 /* ListFlowLayout.swift */,
				F893AE731EC334860006AC3C /* demoCollectionViewCell.swift */,
			);
			path = ToggleGridAndList;
			sourceTree = "<group>";
		};
/* End PBXGroup section */

/* Begin PBXNativeTarget section */
		F80EC1481EC07A12009BE6A9 /* ToggleGridAndList */ = {
			isa = PBXNativeTarget;
			buildConfigurationList = F80EC15B1EC07A12009BE6A9 /* Build configuration list for PBXNativeTarget "ToggleGridAndList" */;
			buildPhases = (
				F80EC1451EC07A12009BE6A9 /* Sources */,
				F80EC1461EC07A12009BE6A9 /* Frameworks */,
				F80EC1471EC07A12009BE6A9 /* Resources */,
			);
			buildRules = (
			);
			dependencies = (
			);
			name = ToggleGridAndList;
			productName = ToggleGridAndList;
			productReference = F80EC1491EC07A12009BE6A9 /* ToggleGridAndList.app */;
			productType = "com.apple.product-type.application";
		};
/* End PBXNativeTarget section */

/* Begin PBXProject section */
		F80EC1411EC07A12009BE6A9 /* Project object */ = {
			isa = PBXProject;
			attributes = {
				LastSwiftUpdateCheck = 0830;
				LastUpgradeCheck = 0830;
				ORGANIZATIONNAME = "Harshal Jadhav";
				TargetAttributes = {
					F80EC1481EC07A12009BE6A9 = {
						CreatedOnToolsVersion = 8.3.2;
						DevelopmentTeam = 846K7427SH;
						ProvisioningStyle = Automatic;
					};
				};
			};
			buildConfigurationList = F80EC1441EC07A12009BE6A9 /* Build configuration list for PBXProject "ToggleGridAndList" */;
			compatibilityVersion = "Xcode 3.2";
			developmentRegion = English;
			hasScannedForEncodings = 0;
			knownRegions = (
				en,
				Base,
			);
			mainGroup = F80EC1401EC07A12009BE6A9;
			productRefGroup = F80EC14A1EC07A12009BE6A9 /* Products */;
			projectDirPath = "";
			projectRoot = "";
			targets = (
				F80EC1481EC07A12009BE6A9 /* ToggleGridAndList */,
			);
		};
/* End PBXProject section */

/* Begin PBXResourcesBuildPhase section */
		F80EC1471EC07A12009BE6A9 /* Resources */ = {
			isa = PBXResourcesBuildPhase;
			buildActionMask = 2147483647;
			files = (
				F80EC1571EC07A12009BE6A9 /* LaunchScreen.storyboard in Resources */,
				F80EC1541EC07A12009BE6A9 /* Assets.xcassets in Resources */,
				F80EC1521EC07A12009BE6A9 /* Main.storyboard in Resources */,
			);
			runOnlyForDeploymentPostprocessing = 0;
		};
/* End PBXResourcesBuildPhase section */

/* Begin PBXSourcesBuildPhase section */
		F80EC1451EC07A12009BE6A9 /* Sources */ = {
			isa = PBXSourcesBuildPhase;
			buildActionMask = 2147483647;
			files = (
				F80EC15F1EC07B85009BE6A9 /* GridFlowLayout.swift in Sources */,
				F80EC1611EC07BD8009BE6A9 /* ListFlowLayout.swift in Sources */,
				F80EC14F1EC07A12009BE6A9 /* ViewController.swift in Sources */,
				F893AE741EC334860006AC3C /* demoCollectionViewCell.swift in Sources */,
				F80EC14D1EC07A12009BE6A9 /* AppDelegate.swift in Sources */,
			);
			runOnlyForDeploymentPostprocessing = 0;
		};
/* End PBXSourcesBuildPhase section */

/* Begin PBXVariantGroup section */
		F80EC1501EC07A12009BE6A9 /* Main.storyboard */ = {
			isa = PBXVariantGroup;
			children = (
				F80EC1511EC07A12009BE6A9 /* Base */,
			);
			name = Main.storyboard;
			sourceTree = "<group>";
		};
		F80EC1551EC07A12009BE6A9 /* LaunchScreen.storyboard */ = {
			isa = PBXVariantGroup;
			children = (
				F80EC1561EC07A12009BE6A9 /* Base */,
			);
			name = LaunchScreen.storyboard;
			sourceTree = "<group>";
		};
/* End PBXVariantGroup section */

/* Begin XCBuildConfiguration section */
		F80EC1591EC07A12009BE6A9 /* Debug */ = {
			isa = XCBuildConfiguration;
			buildSettings = {
				ALWAYS_SEARCH_USER_PATHS = NO;
				CLANG_ANALYZER_NONNULL = YES;
				CLANG_ANALYZER_NUMBER_OBJECT_CONVERSION = YES_AGGRESSIVE;
				CLANG_CXX_LANGUAGE_STANDARD = "gnu++0x";
				CLANG_CXX_LIBRARY = "libc++";
				CLANG_ENABLE_MODULES = YES;
				CLANG_ENABLE_OBJC_ARC = YES;
				CLANG_WARN_BOOL_CONVERSION = YES;
				CLANG_WARN_CONSTANT_CONVERSION = YES;
				CLANG_WARN_DIRECT_OBJC_ISA_USAGE = YES_ERROR;
				CLANG_WARN_DOCUMENTATION_COMMENTS = YES;
				CLANG_WARN_EMPTY_BODY = YES;
				CLANG_WARN_ENUM_CONVERSION = YES;
				CLANG_WARN_INFINITE_RECURSION = YES;
				CLANG_WARN_INT_CONVERSION = YES;
				CLANG_WARN_OBJC_ROOT_CLASS = YES_ERROR;
				CLANG_WARN_SUSPICIOUS_MOVE = YES;
				CLANG_WARN_UNREACHABLE_CODE = YES;
				CLANG_WARN__DUPLICATE_METHOD_MATCH = YES;
				"CODE_SIGN_IDENTITY[sdk=iphoneos*]" = "iPhone Developer";
				COPY_PHASE_STRIP = NO;
				DEBUG_INFORMATION_FORMAT = dwarf;
				ENABLE_STRICT_OBJC_MSGSEND = YES;
				ENABLE_TESTABILITY = YES;
				GCC_C_LANGUAGE_STANDARD = gnu99;
				GCC_DYNAMIC_NO_PIC = NO;
				GCC_NO_COMMON_BLOCKS = YES;
				GCC_OPTIMIZATION_LEVEL = 0;
				GCC_PREPROCESSOR_DEFINITIONS = (
					"DEBUG=1",
					"$(inherited)",
				);
				GCC_WARN_64_TO_32_BIT_CONVERSION = YES;
				GCC_WARN_ABOUT_RETURN_TYPE = YES_ERROR;
				GCC_WARN_UNDECLARED_SELECTOR = YES;
				GCC_WARN_UNINITIALIZED_AUTOS = YES_AGGRESSIVE;
				GCC_WARN_UNUSED_FUNCTION = YES;
				GCC_WARN_UNUSED_VARIABLE = YES;
				IPHONEOS_DEPLOYMENT_TARGET = 10.3;
				MTL_ENABLE_DEBUG_INFO = YES;
				ONLY_ACTIVE_ARCH = YES;
				SDKROOT = iphoneos;
				SWIFT_ACTIVE_COMPILATION_CONDITIONS = DEBUG;
				SWIFT_OPTIMIZATION_LEVEL = "-Onone";
			};
			name = Debug;
		};
		F80EC15A1EC07A12009BE6A9 /* Release */ = {
			isa = XCBuildConfiguration;
			buildSettings = {
				ALWAYS_SEARCH_USER_PATHS = NO;
				CLANG_ANALYZER_NONNULL = YES;
				CLANG_ANALYZER_NUMBER_OBJECT_CONVERSION = YES_AGGRESSIVE;
				CLANG_CXX_LANGUAGE_STANDARD = "gnu++0x";
				CLANG_CXX_LIBRARY = "libc++";
				CLANG_ENABLE_MODULES = YES;
				CLANG_ENABLE_OBJC_ARC = YES;
				CLANG_WARN_BOOL_CONVERSION = YES;
				CLANG_WARN_CONSTANT_CONVERSION = YES;
				CLANG_WARN_DIRECT_OBJC_ISA_USAGE = YES_ERROR;
				CLANG_WARN_DOCUMENTATION_COMMENTS = YES;
				CLANG_WARN_EMPTY_BODY = YES;
				CLANG_WARN_ENUM_CONVERSION = YES;
				CLANG_WARN_INFINITE_RECURSION = YES;
				CLANG_WARN_INT_CONVERSION = YES;
				CLANG_WARN_OBJC_ROOT_CLASS = YES_ERROR;
				CLANG_WARN_SUSPICIOUS_MOVE = YES;
				CLANG_WARN_UNREACHABLE_CODE = YES;
				CLANG_WARN__DUPLICATE_METHOD_MATCH = YES;
				"CODE_SIGN_IDENTITY[sdk=iphoneos*]" = "iPhone Developer";
				COPY_PHASE_STRIP = NO;
				DEBUG_INFORMATION_FORMAT = "dwarf-with-dsym";
				ENABLE_NS_ASSERTIONS = NO;
				ENABLE_STRICT_OBJC_MSGSEND = YES;
				GCC_C_LANGUAGE_STANDARD = gnu99;
				GCC_NO_COMMON_BLOCKS = YES;
				GCC_WARN_64_TO_32_BIT_CONVERSION = YES;
				GCC_WARN_ABOUT_RETURN_TYPE = YES_ERROR;
				GCC_WARN_UNDECLARED_SELECTOR = YES;
				GCC_WARN_UNINITIALIZED_AUTOS = YES_AGGRESSIVE;
				GCC_WARN_UNUSED_FUNCTION = YES;
				GCC_WARN_UNUSED_VARIABLE = YES;
				IPHONEOS_DEPLOYMENT_TARGET = 10.3;
				MTL_ENABLE_DEBUG_INFO = NO;
				SDKROOT = iphoneos;
				SWIFT_OPTIMIZATION_LEVEL = "-Owholemodule";
				VALIDATE_PRODUCT = YES;
			};
			name = Release;
		};
		F80EC15C1EC07A12009BE6A9 /* Debug */ = {
			isa = XCBuildConfiguration;
			buildSettings = {
				ASSETCATALOG_COMPILER_APPICON_NAME = AppIcon;
				DEVELOPMENT_TEAM = 846K7427SH;
				INFOPLIST_FILE = ToggleGridAndList/Info.plist;
				LD_RUNPATH_SEARCH_PATHS = "$(inherited) @executable_path/Frameworks";
				PRODUCT_BUNDLE_IDENTIFIER = Centelon.ToggleGridAndList;
				PRODUCT_NAME = "$(TARGET_NAME)";
				SWIFT_VERSION = 3.0;
			};
			name = Debug;
		};
		F80EC15D1EC07A12009BE6A9 /* Release */ = {
			isa = XCBuildConfiguration;
			buildSettings = {
				ASSETCATALOG_COMPILER_APPICON_NAME = AppIcon;
				DEVELOPMENT_TEAM = 846K7427SH;
				INFOPLIST_FILE = ToggleGridAndList/Info.plist;
				LD_RUNPATH_SEARCH_PATHS = "$(inherited) @executable_path/Frameworks";
				PRODUCT_BUNDLE_IDENTIFIER = Centelon.ToggleGridAndList;
				PRODUCT_NAME = "$(TARGET_NAME)";
				SWIFT_VERSION = 3.0;
			};
			name = Release;
		};
/* End XCBuildConfiguration section */

/* Begin XCConfigurationList section */
		F80EC1441EC07A12009BE6A9 /* Build configuration list for PBXProject "ToggleGridAndList" */ = {
			isa = XCConfigurationList;
			buildConfigurations = (
				F80EC1591EC07A12009BE6A9 /* Debug */,
				F80EC15A1EC07A12009BE6A9 /* Release */,
			);
			defaultConfigurationIsVisible = 0;
			defaultConfigurationName = Release;
		};
		F80EC15B1EC07A12009BE6A9 /* Build configuration list for PBXNativeTarget "ToggleGridAndList" */ = {
			isa = XCConfigurationList;
			buildConfigurations = (
				F80EC15C1EC07A12009BE6A9 /* Debug */,
				F80EC15D1EC07A12009BE6A9 /* Release */,
			);
			defaultConfigurationIsVisible = 0;
			defaultConfigurationName = Release;
		};
/* End XCConfigurationList section */
	};
	rootObject = F80EC1411EC07A12009BE6A9 /* Project object */;
}
